{
  "requires": true,
  "lockfileVersion": 1,
  "dependencies": {
    "mdi-react": {
      "version": "7.4.0",
      "resolved": "https://registry.npmjs.org/mdi-react/-/mdi-react-7.4.0.tgz",
      "integrity": "sha512-Me04YOxIYU0aepDTwR0zjpBf+6M/VqGEqr+VIh10qeCj3za05sfi7foqokBomcb17IFjTIKXoX92VmKLDQQ6OA=="
    }
  }
}
